
Microsoft Visual Studio Solution File, Format Version 12.00
# Visual Studio 15
VisualStudioVersion = 15.0.26430.16
MinimumVisualStudioVersion = 10.0.40219.1
Project("{FAE04EC0-301F-11D3-BF4B-00C04F79EFBC}") = "wpf", "wpf\wpf.csproj", "{FC004189-23B5-4479-B06E-0019E7B423BC}"
EndProject
Project("{2150E333-8FDC-42A3-9474-1A3956D46DE8}") = "Solution Items", "Solution Items", "{CA3661AC-3B72-4A23-BA42-FCEEDDA424DF}"
	ProjectSection(SolutionItems) = preProject
		README.md = README.md
	EndProjectSection
EndProject
Project("{FAE04EC0-301F-11D3-BF4B-00C04F79EFBC}") = "common", "common\common.csproj", "{C6531877-8272-4302-959A-2FABB2663771}"
EndProject
Project("{FAE04EC0-301F-11D3-BF4B-00C04F79EFBC}") = "writer", "writer\writer.csproj", "{491FE1EC-1882-4C62-8625-949B09C0004A}"
EndProject
Project("{FAE04EC0-301F-11D3-BF4B-00C04F79EFBC}") = "tlibuilder", "tlibuilder\tlibuilder.csproj", "{A916F574-6AB0-4BED-9ED1-F0D4E4866F5A}"
EndProject
Global
	GlobalSection(SolutionConfigurationPlatforms) = preSolution
		Debug|Any CPU = Debug|Any CPU
		Release|Any CPU = Release|Any CPU
	EndGlobalSection
	GlobalSection(ProjectConfigurationPlatforms) = postSolution
		{FC004189-23B5-4479-B06E-0019E7B423BC}.Debug|Any CPU.ActiveCfg = Debug|Any CPU
		{FC004189-23B5-4479-B06E-0019E7B423BC}.Debug|Any CPU.Build.0 = Debug|Any CPU
		{FC004189-23B5-4479-B06E-0019E7B423BC}.Release|Any CPU.ActiveCfg = Release|Any CPU
		{FC004189-23B5-4479-B06E-0019E7B423BC}.Release|Any CPU.Build.0 = Release|Any CPU
		{C6531877-8272-4302-959A-2FABB2663771}.Debug|Any CPU.ActiveCfg = Debug|Any CPU
		{C6531877-8272-4302-959A-2FABB2663771}.Debug|Any CPU.Build.0 = Debug|Any CPU
		{C6531877-8272-4302-959A-2FABB2663771}.Release|Any CPU.ActiveCfg = Release|Any CPU
		{C6531877-8272-4302-959A-2FABB2663771}.Release|Any CPU.Build.0 = Release|Any CPU
		{491FE1EC-1882-4C62-8625-949B09C0004A}.Debug|Any CPU.ActiveCfg = Debug|Any CPU
		{491FE1EC-1882-4C62-8625-949B09C0004A}.Debug|Any CPU.Build.0 = Debug|Any CPU
		{491FE1EC-1882-4C62-8625-949B09C0004A}.Release|Any CPU.ActiveCfg = Release|Any CPU
		{491FE1EC-1882-4C62-8625-949B09C0004A}.Release|Any CPU.Build.0 = Release|Any CPU
		{A916F574-6AB0-4BED-9ED1-F0D4E4866F5A}.Debug|Any CPU.ActiveCfg = Debug|Any CPU
		{A916F574-6AB0-4BED-9ED1-F0D4E4866F5A}.Debug|Any CPU.Build.0 = Debug|Any CPU
		{A916F574-6AB0-4BED-9ED1-F0D4E4866F5A}.Release|Any CPU.ActiveCfg = Release|Any CPU
		{A916F574-6AB0-4BED-9ED1-F0D4E4866F5A}.Release|Any CPU.Build.0 = Release|Any CPU
	EndGlobalSection
	GlobalSection(SolutionProperties) = preSolution
		HideSolutionNode = FALSE
	EndGlobalSection
EndGlobal
